{
  "nodes": {
    "autodocodec-src": {
      "flake": false,
      "locked": {
        "lastModified": 1640690969,
        "narHash": "sha256-/Fb2nqlbk0geLgDBIG8nOPNvjYqY+E5i6IDwhrPBnMQ=",
        "owner": "NorfairKing",
        "repo": "autodocodec",
        "rev": "9880ec062f1166bdac50b8eb59c6dd010bc9af0c",
        "type": "github"
      },
      "original": {
        "owner": "NorfairKing",
        "repo": "autodocodec",
        "type": "github"
      }
    },
    "flake-compat": {
      "flake": false,
      "locked": {
        "lastModified": 1641205782,
        "narHash": "sha256-4jY7RCWUoZ9cKD8co0/4tFARpWB+57+r1bLLvXNJliY=",
        "owner": "edolstra",
        "repo": "flake-compat",
        "rev": "b7547d3eed6f32d06102ead8991ec52ab0a4f1a7",
        "type": "github"
      },
      "original": {
        "owner": "edolstra",
        "repo": "flake-compat",
        "type": "github"
      }
    },
    "flake-compat-ci": {
      "locked": {
        "lastModified": 1641672839,
        "narHash": "sha256-Bdwv+DKeEMlRNPDpZxSz0sSrqQBvdKO5fZ8LmvrgCOU=",
        "owner": "hercules-ci",
        "repo": "flake-compat-ci",
        "rev": "e832114bc18376c0f3fa13c19bf5ff253cc6570a",
        "type": "github"
      },
      "original": {
        "owner": "hercules-ci",
        "repo": "flake-compat-ci",
        "type": "github"
      }
    },
    "gitignore-hercules-src": {
      "inputs": {
        "nixpkgs": [
          "nixpkgs"
        ]
      },
      "locked": {
        "lastModified": 1635165013,
        "narHash": "sha256-o/BdVjNwcB6jOmzZjOH703BesSkkS5O7ej3xhyO8hAY=",
        "owner": "hercules-ci",
        "repo": "gitignore.nix",
        "rev": "5b9e0ff9d3b551234b4f3eb3983744fa354b17f1",
        "type": "github"
      },
      "original": {
        "owner": "hercules-ci",
        "repo": "gitignore.nix",
        "type": "github"
      }
    },
    "gitignore-src": {
      "flake": false,
      "locked": {
        "lastModified": 1546534343,
        "narHash": "sha256-v80jB2dbCogUt7wjC5Bf6jIT25clYR805oheN+KI7u8=",
        "owner": "siers",
        "repo": "nix-gitignore",
        "rev": "4f2d85f2f1aa4c6bff2d9fcfd3caad443f35476e",
        "type": "github"
      },
      "original": {
        "owner": "siers",
        "repo": "nix-gitignore",
        "rev": "4f2d85f2f1aa4c6bff2d9fcfd3caad443f35476e",
        "type": "github"
      }
    },
    "nixpkgs": {
      "locked": {
        "lastModified": 1642244250,
        "narHash": "sha256-vWpUEqQdVP4srj+/YLJRTN9vjpTs4je0cdWKXPbDItc=",
        "owner": "nixos",
        "repo": "nixpkgs",
        "rev": "0fd9ee1aa36ce865ad273f4f07fdc093adeb5c00",
        "type": "github"
      },
      "original": {
        "owner": "nixos",
        "ref": "nixos-21.05",
        "repo": "nixpkgs",
        "type": "github"
      }
    },
    "root": {
      "inputs": {
        "autodocodec-src": "autodocodec-src",
        "flake-compat": "flake-compat",
        "flake-compat-ci": "flake-compat-ci",
        "gitignore-hercules-src": "gitignore-hercules-src",
        "gitignore-src": "gitignore-src",
        "nixpkgs": "nixpkgs",
        "safe-coloured-text-src": "safe-coloured-text-src",
        "sydtest-src": "sydtest-src",
        "typed-uuid-src": "typed-uuid-src",
        "validity-src": "validity-src",
        "yesod-autoreload-src": "yesod-autoreload-src"
      }
    },
    "safe-coloured-text-src": {
      "flake": false,
      "locked": {
        "lastModified": 1622900843,
        "narHash": "sha256-hQpAucRtf4Map2mqGaTl3Qk+y1rmaDpypJlodLxy3Ss=",
        "owner": "NorfairKing",
        "repo": "safe-coloured-text",
        "rev": "7f157485e55528648a95edf3508a122b2e55779e",
        "type": "github"
      },
      "original": {
        "owner": "NorfairKing",
        "repo": "safe-coloured-text",
        "rev": "7f157485e55528648a95edf3508a122b2e55779e",
        "type": "github"
      }
    },
    "sydtest-src": {
      "flake": false,
      "locked": {
        "lastModified": 1644580256,
        "narHash": "sha256-aqz3Gunq5aVid9linFZ13iY0ixc0lVksPLrCyS4DkFk=",
        "owner": "NorfairKing",
        "repo": "sydtest",
        "rev": "54b5d0bf59e5bdabd3be098780afee63fbbbf158",
        "type": "github"
      },
      "original": {
        "owner": "NorfairKing",
        "repo": "sydtest",
        "type": "github"
      }
    },
    "typed-uuid-src": {
      "flake": false,
      "locked": {
        "lastModified": 1637768590,
        "narHash": "sha256-88CS8aQjAswvpimXXawYRQ3aYpXieYfp1oVebs8apmc=",
        "owner": "NorfairKing",
        "repo": "typed-uuid",
        "rev": "00fbc7e0380ab2ff72e8fd02323e76f13b7d5b59",
        "type": "github"
      },
      "original": {
        "owner": "NorfairKing",
        "repo": "typed-uuid",
        "type": "github"
      }
    },
    "validity-src": {
      "flake": false,
      "locked": {
        "lastModified": 1638456280,
        "narHash": "sha256-40dI4D83YWtYmn3Rx8v6YxonHQbxgaUrjNmNRxcaNAo=",
        "owner": "NorfairKing",
        "repo": "validity",
        "rev": "466bb2f140e62cae0d4fe3770681c3d74e99cf40",
        "type": "github"
      },
      "original": {
        "owner": "NorfairKing",
        "repo": "validity",
        "rev": "466bb2f140e62cae0d4fe3770681c3d74e99cf40",
        "type": "github"
      }
    },
    "yesod-autoreload-src": {
      "flake": false,
      "locked": {
        "lastModified": 1622291603,
        "narHash": "sha256-zXxgZu24BCLra2JfXuZa6FOEJQJwHayWAKZGlTAOuVg=",
        "owner": "NorfairKing",
        "repo": "yesod-autoreload",
        "rev": "7135e864c0d4a48efeae473ee2761f5168946e58",
        "type": "github"
      },
      "original": {
        "owner": "NorfairKing",
        "repo": "yesod-autoreload",
        "rev": "7135e864c0d4a48efeae473ee2761f5168946e58",
        "type": "github"
      }
    }
  },
  "root": "root",
  "version": 7
}
